dependencies:
- name: rekor
  repository: https://sigstore.github.io/helm-charts
  version: 1.0.0
- name: fulcio
  repository: https://sigstore.github.io/helm-charts
  version: 1.0.0
- name: dex
  repository: https://charts.dexidp.io
  version: 0.12.1
- name: common
  repository: https://charts.bitnami.com/bitnami
  version: 2.1.2
digest: sha256:7446d35e4c3c36f65bb6bf39561db4488f46d4495afd90b3835d90055d42b122
generated: "2022-10-31T18:59:50.845694469Z"
