dependencies:
- name: rekor
  repository: https://sigstore.github.io/helm-charts
  version: 1.0.0
- name: fulcio
  repository: https://sigstore.github.io/helm-charts
  version: 1.0.0-rc.1
- name: dex
  repository: https://charts.dexidp.io
  version: 0.12.0
- name: common
  repository: https://charts.bitnami.com/bitnami
  version: 2.0.3
digest: sha256:0d84e5a4bb3df1d980e6c359d3bdd8a971d229b7fd76bca5a1e484a69add3704
generated: "2022-10-18T01:39:13.049278545Z"
