dependencies:
- name: rekor
  repository: https://sigstore.github.io/helm-charts
  version: 1.0.0
- name: fulcio
  repository: https://sigstore.github.io/helm-charts
  version: 1.0.0
- name: dex
  repository: https://charts.dexidp.io
  version: 0.12.0
- name: common
  repository: https://charts.bitnami.com/bitnami
  version: 2.0.3
digest: sha256:5ac1bcbf3b9c165ab1e58989f70e01af065c950faafeb1a3971a62077e08ca9f
generated: "2022-10-18T01:51:50.439317341Z"
